# This file is automatically @generated by Cargo.
# It is not intended for manual editing.
version = 3

[[package]]
name = "_001_helloworld_cando_librunner"
version = "0.1.0"
dependencies = [
 "cando2",
]

[[package]]
name = "_002_echo_cando_librunner"
version = "0.1.0"
dependencies = [
 "cando2",
]

[[package]]
name = "_003_string_slicing_cando_librunner"
version = "0.1.0"
dependencies = [
 "cando2",
]

[[package]]
name = "_004_loop_cando_librunner"
version = "0.1.0"
dependencies = [
 "cando2",
]

[[package]]
name = "_004_nineality_sieve_cando_librunner"
version = "0.1.0"
dependencies = [
 "cando2",
]

[[package]]
name = "_005_static_loop_cando_librunner"
version = "0.1.0"
dependencies = [
 "cando2",
]

[[package]]
name = "_006_static_alias_cando_librunner"
version = "0.1.0"
dependencies = [
 "cando2",
]

[[package]]
name = "_007_errno_pow_cando_librunner"
version = "0.1.0"
dependencies = [
 "cando2",
]

[[package]]
name = "_008_long_run_cando_librunner"
version = "0.1.0"
dependencies = [
 "cando2",
]

[[package]]
name = "_009_stack_buffer_overflow_cando_librunner"
version = "0.1.0"
dependencies = [
 "cando2",
]

[[package]]
name = "_010_integer_overflow_cando_librunner"
version = "0.1.0"
dependencies = [
 "cando2",
]

[[package]]
name = "_011_static_dag_cando_librunner"
version = "0.1.0"
dependencies = [
 "cando2",
]

[[package]]
name = "_011_uninit_char_ptr_cando_librunner"
version = "0.1.0"
dependencies = [
 "cando2",
]

[[package]]
name = "_012_uninit_int_ptr_cando_librunner"
version = "0.1.0"
dependencies = [
 "cando2",
]

[[package]]
name = "_013_poor_quality_addition_cando_librunner"
version = "0.1.0"
dependencies = [
 "cando2",
]

[[package]]
name = "_014_dead_code_cando_librunner"
version = "0.1.0"
dependencies = [
 "cando2",
]

[[package]]
name = "_014_pow_subfunction_cando_librunner"
version = "0.1.0"
dependencies = [
 "cando2",
]

[[package]]
name = "_015_return_stack_buffer_cando_librunner"
version = "0.1.0"
dependencies = [
 "cando2",
]

[[package]]
name = "_016_divide_by_zero_float_cando_librunner"
version = "0.1.0"
dependencies = [
 "cando2",
]

[[package]]
name = "_016_switch_arith_cando_librunner"
version = "0.1.0"
dependencies = [
 "cando2",
]

[[package]]
name = "_017_signed_length_confusion_cando_librunner"
version = "0.1.0"
dependencies = [
 "cando2",
]

[[package]]
name = "_018_stack_buffer_overflow_loop1_cando_librunner"
version = "0.1.0"
dependencies = [
 "cando2",
]

[[package]]
name = "_019_integer_overflow_char_max_multiply_cando_librunner"
version = "0.1.0"
dependencies = [
 "cando2",
]

[[package]]
name = "_020_stack_linked_list_cando_librunner"
version = "0.1.0"
dependencies = [
 "cando2",
]

[[package]]
name = "_021_complex_goto_cando_librunner"
version = "0.1.0"
dependencies = [
 "cando2",
]

[[package]]
name = "_022_stdlib_div_cando_librunner"
version = "0.1.0"
dependencies = [
 "cando2",
]

[[package]]
name = "_023_struct_and_errno_cando_librunner"
version = "0.1.0"
dependencies = [
 "cando2",
]

[[package]]
name = "_024_struct_and_static_cando_librunner"
version = "0.1.0"
dependencies = [
 "cando2",
]

[[package]]
name = "_025_struct_and_errno_and_static_cando_librunner"
version = "0.1.0"
dependencies = [
 "cando2",
]

[[package]]
name = "_026_goto_and_static_cando_librunner"
version = "0.1.0"
dependencies = [
 "cando2",
]

[[package]]
name = "_027_ctype_ascii_cando_librunner"
version = "0.1.0"
dependencies = [
 "cando2",
]

[[package]]
name = "_027_stack_buffer_overflow_loop2_cando_librunner"
version = "0.1.0"
dependencies = [
 "cando2",
]

[[package]]
name = "_028_strchr_cando_librunner"
version = "0.1.0"
dependencies = [
 "cando2",
]

[[package]]
name = "_029_strcspn_cando_librunner"
version = "0.1.0"
dependencies = [
 "cando2",
]

[[package]]
name = "_030_integer_underflow_char_min_multiply_cando_librunner"
version = "0.1.0"
dependencies = [
 "cando2",
]

[[package]]
name = "_030_mutable_buffer_overlap_extrahard_cando_librunner"
version = "0.1.0"
dependencies = [
 "cando2",
]

[[package]]
name = "_031_disjoint_arrays_cando_librunner"
version = "0.1.0"
dependencies = [
 "cando2",
]

[[package]]
name = "_031_simple_struct_cando_librunner"
version = "0.1.0"
dependencies = [
 "cando2",
]

[[package]]
name = "_032_comma_operator_cando_librunner"
version = "0.1.0"
dependencies = [
 "cando2",
]

[[package]]
name = "_033_bitfield_cando_librunner"
version = "0.1.0"
dependencies = [
 "cando2",
]

[[package]]
name = "_034_cast_to_char_ptr_int_cando_librunner"
version = "0.1.0"
dependencies = [
 "cando2",
]

[[package]]
name = "_035_cast_to_char_ptr_float_cando_librunner"
version = "0.1.0"
dependencies = [
 "cando2",
]

[[package]]
name = "_036_cast_to_char_ptr_struct_cando_librunner"
version = "0.1.0"
dependencies = [
 "cando2",
]

[[package]]
name = "_037_cast_to_char_ptr_int_no_strict_aliasing_cando_librunner"
version = "0.1.0"
dependencies = [
 "cando2",
]

[[package]]
name = "_038_cast_to_char_ptr_float_no_strict_aliasing_cando_librunner"
version = "0.1.0"
dependencies = [
 "cando2",
]

[[package]]
name = "_039_cast_to_char_ptr_struct_no_strict_aliasing_cando_librunner"
version = "0.1.0"
dependencies = [
 "cando2",
]

[[package]]
name = "_040_storage_class_auto_cando_librunner"
version = "0.1.0"
dependencies = [
 "cando2",
]

[[package]]
name = "_041_storage_class_register_cando_librunner"
version = "0.1.0"
dependencies = [
 "cando2",
]

[[package]]
name = "_042_float_union_cando_librunner"
version = "0.1.0"
dependencies = [
 "cando2",
]

[[package]]
name = "_043_iso646_and_digraphs_cando_librunner"
version = "0.1.0"
dependencies = [
 "cando2",
]

[[package]]
name = "_045_strtok_cando_librunner"
version = "0.1.0"
dependencies = [
 "cando2",
]

[[package]]
name = "_048_mutable_buffer_overlap2_cando_librunner"
version = "0.1.0"
dependencies = [
 "cando2",
]

[[package]]
name = "_bin2hex_cando_librunner"
version = "0.1.0"
dependencies = [
 "cando2",
]

[[package]]
name = "_bitwriter_add_cando_librunner"
version = "0.1.0"
dependencies = [
 "cando2",
]

[[package]]
name = "_collided_cando_librunner"
version = "0.1.0"
dependencies = [
 "cando2",
]

[[package]]
name = "_colourblind_cando_librunner"
version = "0.1.0"
dependencies = [
 "cando2",
]

[[package]]
name = "_compress_bc5_cando_librunner"
version = "0.1.0"
dependencies = [
 "cando2",
]

[[package]]
name = "_contrast_ratio_cando_librunner"
version = "0.1.0"
dependencies = [
 "cando2",
]

[[package]]
name = "_convex_clip_cando_librunner"
version = "0.1.0"
dependencies = [
 "cando2",
]

[[package]]
name = "_crc16_cando_librunner"
version = "0.1.0"
dependencies = [
 "cando2",
]

[[package]]
name = "_decorrelate_cando_librunner"
version = "0.1.0"
dependencies = [
 "cando2",
]

[[package]]
name = "_dequantize_granule_cando_librunner"
version = "0.1.0"
dependencies = [
 "cando2",
]

[[package]]
name = "_div_euclid_cando_librunner"
version = "0.1.0"
dependencies = [
 "cando2",
]

[[package]]
name = "_encode_quant_cando_librunner"
version = "0.1.0"
dependencies = [
 "cando2",
]

[[package]]
name = "_flac_validate_cando_librunner"
version = "0.1.0"
dependencies = [
 "cando2",
]

[[package]]
name = "_flip_horizontal_cando_librunner"
version = "0.1.0"
dependencies = [
 "cando2",
]

[[package]]
name = "_float2half_cando_librunner"
version = "0.1.0"
dependencies = [
 "cando2",
]

[[package]]
name = "_gaussian_kernel_cando_librunner"
version = "0.1.0"
dependencies = [
 "cando2",
]

[[package]]
name = "_half2float_cando_librunner"
version = "0.1.0"
dependencies = [
 "cando2",
]

[[package]]
name = "_hdr_bitrate_cando_librunner"
version = "0.1.0"
dependencies = [
 "cando2",
]

[[package]]
name = "_hdr_compare_cando_librunner"
version = "0.1.0"
dependencies = [
 "cando2",
]

[[package]]
name = "_hex2bin_cando_librunner"
version = "0.1.0"
dependencies = [
 "cando2",
]

[[package]]
name = "_hsl_to_rgb_cando_librunner"
version = "0.1.0"
dependencies = [
 "cando2",
]

[[package]]
name = "_hsv_to_rgb_cando_librunner"
version = "0.1.0"
dependencies = [
 "cando2",
]

[[package]]
name = "_ima_decode_cando_librunner"
version = "0.1.0"
dependencies = [
 "cando2",
]

[[package]]
name = "_ima_parse_cando_librunner"
version = "0.1.0"
dependencies = [
 "cando2",
]

[[package]]
name = "_ldexp_q2_cando_librunner"
version = "0.1.0"
dependencies = [
 "cando2",
]

[[package]]
name = "_max_size_frame_cando_librunner"
version = "0.1.0"
dependencies = [
 "cando2",
]

[[package]]
name = "_md5_digest_cando_librunner"
version = "0.1.0"
dependencies = [
 "cando2",
]

[[package]]
name = "_md5_transform_cando_librunner"
version = "0.1.0"
dependencies = [
 "cando2",
]

[[package]]
name = "_merge_sort_cando_librunner"
version = "0.1.0"
dependencies = [
 "cando2",
]

[[package]]
name = "_next_double_cando_librunner"
version = "0.1.0"
dependencies = [
 "cando2",
]

[[package]]
name = "_normalize_cando_librunner"
version = "0.1.0"
dependencies = [
 "cando2",
]

[[package]]
name = "_png_qsort_cando_librunner"
version = "0.1.0"
dependencies = [
 "cando2",
]

[[package]]
name = "_pow43_cando_librunner"
version = "0.1.0"
dependencies = [
 "cando2",
]

[[package]]
name = "_predict_sample_cando_librunner"
version = "0.1.0"
dependencies = [
 "cando2",
]

[[package]]
name = "_premultiply_cando_librunner"
version = "0.1.0"
dependencies = [
 "cando2",
]

[[package]]
name = "_read_scalefactors_cando_librunner"
version = "0.1.0"
dependencies = [
 "cando2",
]

[[package]]
name = "_read_side_info_cando_librunner"
version = "0.1.0"
dependencies = [
 "cando2",
]

[[package]]
name = "_refine_block_cando_librunner"
version = "0.1.0"
dependencies = [
 "cando2",
]

[[package]]
name = "_rev16_cando_librunner"
version = "0.1.0"
dependencies = [
 "cando2",
]

[[package]]
name = "_rgb_to_hsv_cando_librunner"
version = "0.1.0"
dependencies = [
 "cando2",
]

[[package]]
name = "_stereo_samples_cando_librunner"
version = "0.1.0"
dependencies = [
 "cando2",
]

[[package]]
name = "_synth_pair_cando_librunner"
version = "0.1.0"
dependencies = [
 "cando2",
]

[[package]]
name = "_tfm_cando_librunner"
version = "0.1.0"
dependencies = [
 "cando2",
]

[[package]]
name = "_to_barycentric_cando_librunner"
version = "0.1.0"
dependencies = [
 "cando2",
]

[[package]]
name = "_tritanopia_cando_librunner"
version = "0.1.0"
dependencies = [
 "cando2",
]

[[package]]
name = "_update_frame_header_cando_librunner"
version = "0.1.0"
dependencies = [
 "cando2",
]

[[package]]
name = "_update_md5_cando_librunner"
version = "0.1.0"
dependencies = [
 "cando2",
]

[[package]]
name = "_wcscat_cando_librunner"
version = "0.1.0"
dependencies = [
 "cando2",
]

[[package]]
name = "addr2line"
version = "0.24.2"
source = "registry+https://github.com/rust-lang/crates.io-index"
checksum = "dfbe277e56a376000877090da837660b4427aad530e3028d44e0bffe4f89a1c1"
dependencies = [
 "gimli",
]

[[package]]
name = "adler2"
version = "2.0.1"
source = "registry+https://github.com/rust-lang/crates.io-index"
checksum = "320119579fcad9c21884f5c4861d16174d0e06250625266f50fe6898340abefa"

[[package]]
name = "aho-corasick"
version = "1.1.5"
source = "registry+https://github.com/rust-lang/crates.io-index"
checksum = "c982642fa9e8606056828ee9a8505737230110bb1099153c79efe865c59d12ba"
dependencies = [
 "memchr",
]

[[package]]
name = "anstream"
version = "1.0.0"
source = "registry+https://github.com/rust-lang/crates.io-index"
checksum = "824a212faf96e9acacdbd09febd34438f8f711fb84e09a8916013cd7815ca28d"
dependencies = [
 "anstyle",
 "anstyle-parse",
 "anstyle-query",
 "anstyle-wincon",
 "colorchoice",
 "is_terminal_polyfill",
 "utf8parse",
]

[[package]]
name = "anstyle"
version = "1.0.14"
source = "registry+https://github.com/rust-lang/crates.io-index"
checksum = "940b3a0ca603d1eade50a4846a2afffd5ef57a9feac2c0e2ec2e14f9ead76000"

[[package]]
name = "anstyle-parse"
version = "1.0.0"
source = "registry+https://github.com/rust-lang/crates.io-index"
checksum = "52ce7f38b242319f7cabaa6813055467063ecdc9d355bbb4ce0c68908cd8130e"
dependencies = [
 "utf8parse",
]

[[package]]
name = "anstyle-query"
version = "1.1.5"
source = "registry+https://github.com/rust-lang/crates.io-index"
checksum = "40c48f72fd53cd289104fc64099abca73db4166ad86ea0b4341abe65af83dadc"
dependencies = [
 "windows-sys 0.61.2",
]

[[package]]
name = "anstyle-wincon"
version = "3.0.11"
source = "registry+https://github.com/rust-lang/crates.io-index"
checksum = "291e6a250ff86cd4a820112fb8898808a366d8f9f58ce16d1f538353ad55747d"
dependencies = [
 "anstyle",
 "once_cell_polyfill",
 "windows-sys 0.61.2",
]

[[package]]
name = "approx"
version = "0.5.1"
source = "registry+https://github.com/rust-lang/crates.io-index"
checksum = "cab112f0a86d568ea0e627cc1d6be74a1e9cd55214684db5561995f6dad897c6"
dependencies = [
 "num-traits",
]

[[package]]
name = "arbitrary"
version = "1.4.2"
source = "registry+https://github.com/rust-lang/crates.io-index"
checksum = "c3d036a3c4ab069c7b410a2ce876bd74808d2d0888a82667669f8e783a898bf1"
dependencies = [
 "derive_arbitrary",
]

[[package]]
name = "argh"
version = "0.1.19"
source = "registry+https://github.com/rust-lang/crates.io-index"
checksum = "211818e820cda9ca6f167a64a5c808837366a6dfd807157c64c1304c486cd033"
dependencies = [
 "argh_derive",
 "argh_shared",
]

[[package]]
name = "argh_derive"
version = "0.1.19"
source = "registry+https://github.com/rust-lang/crates.io-index"
checksum = "c442a9d18cef5dde467405d27d461d080d68972d6d0dfd0408265b6749ec427d"
dependencies = [
 "argh_shared",
 "proc-macro2",
 "quote",
 "syn 2.0.119",
]

[[package]]
name = "argh_shared"
version = "0.1.19"
source = "registry+https://github.com/rust-lang/crates.io-index"
checksum = "e5ade012bac4db278517a0132c8c10c6427025868dca16c801087c28d5a411f1"
dependencies = [
 "serde",
]

[[package]]
name = "autocfg"
version = "1.5.1"
source = "registry+https://github.com/rust-lang/crates.io-index"
checksum = "f2032f911046de80f0a198e0901378627c33f59ea0ac00e363d481118bd70a53"

[[package]]
name = "backtrace"
version = "0.3.74"
source = "registry+https://github.com/rust-lang/crates.io-index"
checksum = "8d82cb332cdfaed17ae235a638438ac4d4839913cc2af585c3c6746e8f8bee1a"
dependencies = [
 "addr2line",
 "cfg-if",
 "libc",
 "miniz_oxide",
 "object",
 "rustc-demangle",
 "serde",
 "windows-targets 0.52.6",
]

[[package]]
name = "bincode"
version = "1.3.3"
source = "registry+https://github.com/rust-lang/crates.io-index"
checksum = "b1f45e9417d87227c7a56d22e471c6206462cba514c7590c09aff4cf6d1ddcad"
dependencies = [
 "serde",
]

[[package]]
name = "bitflags"
version = "2.13.2"
source = "registry+https://github.com/rust-lang/crates.io-index"
checksum = "3ded4057c258ba199e2d26386d3af3780957ecaee6c4ef4041c6b4b8b97c0b06"

[[package]]
name = "bumpalo"
version = "3.20.3"
source = "registry+https://github.com/rust-lang/crates.io-index"
checksum = "72f5acc6cb2ba439de613abc23857ec3d78374d8ed5ac84e9d11336e87da8649"

[[package]]
name = "cando2"
version = "0.2.0"
dependencies = [
 "approx",
 "arbitrary",
 "argh",
 "clap",
 "diffy",
 "fork",
 "getrandom 0.3.4",
 "libc",
 "libloading",
 "nix 0.31.3",
 "num-traits",
 "process-fun",
 "process-fun-core",
 "procspawn",
 "regex",
 "serde",
 "serde_json",
 "tempfile",
 "wait-timeout",
]

[[package]]
name = "cc"
version = "1.4.7"
source = "registry+https://github.com/rust-lang/crates.io-index"
checksum = "54413ede23c2daf518f35156dfde027feb2374004d63bd497f983c8db9c0e313"
dependencies = [
 "find-msvc-tools",
 "shlex",
]

[[package]]
name = "cfg-if"
version = "1.0.5"
source = "registry+https://github.com/rust-lang/crates.io-index"
checksum = "4e7648175b45a9a48536d676f68d918270699102aa8dab5496df06904c914600"

[[package]]
name = "cfg_aliases"
version = "0.2.2"
source = "registry+https://github.com/rust-lang/crates.io-index"
checksum = "f079e83a288787bcd14a6aea84cee5c87a67c5a3e660c30f557a3d24761b3527"

[[package]]
name = "clap"
version = "4.5.61"
source = "registry+https://github.com/rust-lang/crates.io-index"
checksum = "52fa72306bb30daf11bc97773431628e5b4916e97aaa74b7d3f625d4d495da02"
dependencies = [
 "clap_builder",
 "clap_derive",
]

[[package]]
name = "clap_builder"
version = "4.5.61"
source = "registry+https://github.com/rust-lang/crates.io-index"
checksum = "2071365c5c56eae7d77414029dde2f4f4ba151cf68d5a3261c9a40de428ace93"
dependencies = [
 "anstream",
 "anstyle",
 "clap_lex",
 "strsim",
]

[[package]]
name = "clap_derive"
version = "4.5.61"
source = "registry+https://github.com/rust-lang/crates.io-index"
checksum = "dec5be1eea072311774b7b84ded287adbd9f293f9d23456817605c6042f4f5e0"
dependencies = [
 "heck",
 "proc-macro2",
 "quote",
 "syn 2.0.119",
]

[[package]]
name = "clap_lex"
version = "1.0.1"
source = "registry+https://github.com/rust-lang/crates.io-index"
checksum = "0e78417baa3b3114dc0e95e7357389a249c4da97c3c2b540700079db6171bfd7"

[[package]]
name = "colorchoice"
version = "1.0.5"
source = "registry+https://github.com/rust-lang/crates.io-index"
checksum = "1d07550c9036bf2ae0c684c4297d503f838287c83c53686d05370d0e139ae570"

[[package]]
name = "crossbeam-channel"
version = "0.5.17"
source = "registry+https://github.com/rust-lang/crates.io-index"
checksum = "98b0cc327b5bc766e7fda9c9260cc0fa81b43a8e240440422dff70788e3f9ef1"
dependencies = [
 "crossbeam-utils",
]

[[package]]
name = "crossbeam-utils"
version = "0.8.23"
source = "registry+https://github.com/rust-lang/crates.io-index"
checksum = "a31eee39dddec8330830986fcd7625edb5a24ec90ea038215273bbc3adb08ac6"

[[package]]
name = "derive_arbitrary"
version = "1.4.2"
source = "registry+https://github.com/rust-lang/crates.io-index"
checksum = "1e567bd82dcff979e4b03460c307b3cdc9e96fde3d73bed1496d2bc75d9dd62a"
dependencies = [
 "proc-macro2",
 "quote",
 "syn 2.0.119",
]

[[package]]
name = "diffy"
version = "0.4.2"
source = "registry+https://github.com/rust-lang/crates.io-index"
checksum = "b545b8c50194bdd008283985ab0b31dba153cfd5b3066a92770634fbc0d7d291"
dependencies = [
 "nu-ansi-term",
]

[[package]]
name = "doctest-file"
version = "1.1.1"
source = "registry+https://github.com/rust-lang/crates.io-index"
checksum = "c2db04e74f0a9a93103b50e90b96024c9b2bdca8bce6a632ec71b88736d3d359"

[[package]]
name = "equivalent"
version = "1.0.2"
source = "registry+https://github.com/rust-lang/crates.io-index"
checksum = "877a4ace8713b0bcf2a4e7eec82529c029f1d0619886d18145fea96c3ffe5c0f"

[[package]]
name = "errno"
version = "0.3.14"
source = "registry+https://github.com/rust-lang/crates.io-index"
checksum = "39cab71617ae0d63f51a36d69f866391735b51691dbda63cf6f96d042b63efeb"
dependencies = [
 "libc",
 "windows-sys 0.61.2",
]

[[package]]
name = "fastrand"
version = "2.5.0"
source = "registry+https://github.com/rust-lang/crates.io-index"
checksum = "da7c62ceae207dd37ea5b845da6a0696c799f85e97da1ab5b7910be3c1c80223"

[[package]]
name = "find-msvc-tools"
version = "0.1.13"
source = "registry+https://github.com/rust-lang/crates.io-index"
checksum = "ef25905e51abafe4dcea6c15fec58c57b601cdbd0ee53d22ea1d3016c587d39b"

[[package]]
name = "findshlibs"
version = "0.10.2"
source = "registry+https://github.com/rust-lang/crates.io-index"
checksum = "40b9e59cd0f7e0806cca4be089683ecb6434e602038df21fe6bf6711b2f07f64"
dependencies = [
 "cc",
 "lazy_static",
 "libc",
 "winapi",
]

[[package]]
name = "fnv"
version = "1.0.7"
source = "registry+https://github.com/rust-lang/crates.io-index"
checksum = "3f9eec918d3f24069decb9af1554cad7c880e2da24a9afd88aca000531ab82c1"

[[package]]
name = "fork"
version = "0.7.0"
source = "registry+https://github.com/rust-lang/crates.io-index"
checksum = "5bcc4b4161e53d499e41af904acb23950adf85682c772921ef3957cf1ecc98b3"
dependencies = [
 "libc",
]

[[package]]
name = "futures-core"
version = "0.3.34"
source = "registry+https://github.com/rust-lang/crates.io-index"
checksum = "92d699e522242e69e3003b94ecc1f960f3a5e015aa7c5d7486e65ad01dd94f5e"

[[package]]
name = "futures-task"
version = "0.3.34"
source = "registry+https://github.com/rust-lang/crates.io-index"
checksum = "cd417de3d1d015fc3bfd2b1ea46dfc7bab72ef86f1cc7cc9c78e728b34a6d1fd"

[[package]]
name = "futures-util"
version = "0.3.34"
source = "registry+https://github.com/rust-lang/crates.io-index"
checksum = "0d50a92467f8ba5dd6e3ee5d4bd04d73ab2e4e1c44474a0674821dfce14b79bc"
dependencies = [
 "futures-core",
 "futures-task",
 "pin-project-lite",
 "slab",
]

[[package]]
name = "getrandom"
version = "0.2.17"
source = "registry+https://github.com/rust-lang/crates.io-index"
checksum = "ff2abc00be7fca6ebc474524697ae276ad847ad0a6b3faa4bcb027e9a4614ad0"
dependencies = [
 "cfg-if",
 "libc",
 "wasi",
]

[[package]]
name = "getrandom"
version = "0.3.4"
source = "registry+https://github.com/rust-lang/crates.io-index"
checksum = "899def5c37c4fd7b2664648c28120ecec138e4d395b459e5ca34f9cce2dd77fd"
dependencies = [
 "cfg-if",
 "libc",
 "r-efi",
 "wasip2",
]

[[package]]
name = "gimli"
version = "0.31.1"
source = "registry+https://github.com/rust-lang/crates.io-index"
checksum = "07e28edb80900c19c28f1072f2e8aeca7fa06b23cd4169cefe1af5aa3260783f"

[[package]]
name = "hashbrown"
version = "0.16.1"
source = "registry+https://github.com/rust-lang/crates.io-index"
checksum = "841d1cc9bed7f9236f321df977030373f4a4163ae1a7dbfe1a51a2c1a51d9100"

[[package]]
name = "heck"
version = "0.5.0"
source = "registry+https://github.com/rust-lang/crates.io-index"
checksum = "2304e00983f87ffb38b55b444b5e3b60a884b5d30c0fca7d82fe33449bbe55ea"

[[package]]
name = "indexmap"
version = "2.11.4"
source = "registry+https://github.com/rust-lang/crates.io-index"
checksum = "4b0f83760fb341a774ed326568e19f5a863af4a952def8c39f9ab92fd95b88e5"
dependencies = [
 "equivalent",
 "hashbrown",
]

[[package]]
name = "interprocess"
version = "2.4.4"
source = "registry+https://github.com/rust-lang/crates.io-index"
checksum = "6cb02ffbf25e8ef0f4a95bff054eef75f6d1bf16919474cf2caa63b21997478a"
dependencies = [
 "doctest-file",
 "libc",
 "recvmsg",
 "widestring",
 "windows-sys 0.61.2",
]

[[package]]
name = "ipc-channel"
version = "0.18.3"
source = "registry+https://github.com/rust-lang/crates.io-index"
checksum = "c7f4c80f2df4fc64fb7fc2cff69fc034af26e6e6617ea9f1313131af464b9ca0"
dependencies = [
 "bincode",
 "crossbeam-channel",
 "fnv",
 "lazy_static",
 "libc",
 "mio",
 "rand",
 "serde",
 "tempfile",
 "uuid",
 "windows",
]

[[package]]
name = "is_terminal_polyfill"
version = "1.70.2"
source = "registry+https://github.com/rust-lang/crates.io-index"
checksum = "a6cb138bb79a146c1bd460005623e142ef0181e3d0219cb493e02f7d08a35695"

[[package]]
name = "itoa"
version = "1.0.18"
source = "registry+https://github.com/rust-lang/crates.io-index"
checksum = "8f42a60cbdf9a97f5d2305f08a87dc4e09308d1276d28c869c684d7777685682"

[[package]]
name = "js-sys"
version = "0.3.105"
source = "registry+https://github.com/rust-lang/crates.io-index"
checksum = "ce57d20d1ea864ce2ac172ab472d409214f4fd359f0b2a2775abdf522e2af99e"
dependencies = [
 "cfg-if",
 "futures-util",
 "wasm-bindgen",
]

[[package]]
name = "lazy_static"
version = "1.5.0"
source = "registry+https://github.com/rust-lang/crates.io-index"
checksum = "bbd2bcb4c963f2ddae06a2efc7e9f3591312473c50c6685e1f298068316e66fe"

[[package]]
name = "libc"
version = "0.2.189"
source = "registry+https://github.com/rust-lang/crates.io-index"
checksum = "3eaf3ede3fee6db1a4c2ee091bf8a8b4dccdc6d17f656fb07896ee72867612f2"

[[package]]
name = "libloading"
version = "0.8.9"
source = "registry+https://github.com/rust-lang/crates.io-index"
checksum = "d7c4b02199fee7c5d21a5ae7d8cfa79a6ef5bb2fc834d6e9058e89c825efdc55"
dependencies = [
 "cfg-if",
 "windows-link",
]

[[package]]
name = "linux-raw-sys"
version = "0.12.1"
source = "registry+https://github.com/rust-lang/crates.io-index"
checksum = "32a66949e030da00e8c7d4434b251670a91556f4144941d37452769c25d58a53"

[[package]]
name = "log"
version = "0.4.34"
source = "registry+https://github.com/rust-lang/crates.io-index"
checksum = "f9f8bd3e56ce4dfc153cf470fffbfa98c7620958b312ca5c3a4b8d5181fd13c6"

[[package]]
name = "memchr"
version = "2.8.3"
source = "registry+https://github.com/rust-lang/crates.io-index"
checksum = "cf8baf1c55e62ffcace7a9f06f4bd9cd3f0c4beb022d3b367256b91b87513d98"

[[package]]
name = "miniz_oxide"
version = "0.8.9"
source = "registry+https://github.com/rust-lang/crates.io-index"
checksum = "1fa76a2c86f704bdb222d66965fb3d63269ce38518b83cb0575fca855ebb6316"
dependencies = [
 "adler2",
]

[[package]]
name = "mio"
version = "1.2.3"
source = "registry+https://github.com/rust-lang/crates.io-index"
checksum = "4b18443e9c262bfe8fa82f51666e2642c53393f7e5c27b3e1aeab922cff5b9d8"
dependencies = [
 "libc",
 "log",
 "wasi",
 "windows-sys 0.61.2",
]

[[package]]
name = "nix"
version = "0.29.0"
source = "registry+https://github.com/rust-lang/crates.io-index"
checksum = "71e2746dc3a24dd78b3cfcb7be93368c6de9963d30f43a6a73998a9cf4b17b46"
dependencies = [
 "bitflags",
 "cfg-if",
 "cfg_aliases",
 "libc",
]

[[package]]
name = "nix"
version = "0.31.3"
source = "registry+https://github.com/rust-lang/crates.io-index"
checksum = "cf20d2fde8ff38632c426f1165ed7436270b44f199fc55284c38276f9db47c3d"
dependencies = [
 "bitflags",
 "cfg-if",
 "cfg_aliases",
 "libc",
]

[[package]]
name = "nu-ansi-term"
version = "0.50.3"
source = "registry+https://github.com/rust-lang/crates.io-index"
checksum = "7957b9740744892f114936ab4a57b3f487491bbeafaf8083688b16841a4240e5"
dependencies = [
 "windows-sys 0.61.2",
]

[[package]]
name = "num-traits"
version = "0.2.19"
source = "registry+https://github.com/rust-lang/crates.io-index"
checksum = "071dfc062690e90b734c0b2273ce72ad0ffa95f0c74596bc250dcfd960262841"
dependencies = [
 "autocfg",
]

[[package]]
name = "object"
version = "0.36.7"
source = "registry+https://github.com/rust-lang/crates.io-index"
checksum = "62948e14d923ea95ea2c7c86c71013138b66525b86bdc08d2dcc262bdb497b87"
dependencies = [
 "memchr",
]

[[package]]
name = "once_cell"
version = "1.21.4"
source = "registry+https://github.com/rust-lang/crates.io-index"
checksum = "9f7c3e4beb33f85d45ae3e3a1792185706c8e16d043238c593331cc7cd313b50"

[[package]]
name = "once_cell_polyfill"
version = "1.70.2"
source = "registry+https://github.com/rust-lang/crates.io-index"
checksum = "384b8ab6d37215f3c5301a95a4accb5d64aa607f1fcb26a11b5303878451b4fe"

[[package]]
name = "pin-project-lite"
version = "0.2.17"
source = "registry+https://github.com/rust-lang/crates.io-index"
checksum = "a89322df9ebe1c1578d689c92318e070967d1042b512afbe49518723f4e6d5cd"

[[package]]
name = "ppv-lite86"
version = "0.2.21"
source = "registry+https://github.com/rust-lang/crates.io-index"
checksum = "85eae3c4ed2f50dcfe72643da4befc30deadb458a9b590d720cde2f2b1e97da9"
dependencies = [
 "zerocopy",
]

[[package]]
name = "prettyplease"
version = "0.2.37"
source = "registry+https://github.com/rust-lang/crates.io-index"
checksum = "479ca8adacdd7ce8f1fb39ce9ecccbfe93a3f1344b3d0d97f20bc0196208f62b"
dependencies = [
 "proc-macro2",
 "syn 2.0.119",
]

[[package]]
name = "proc-macro-error"
version = "1.0.4"
source = "registry+https://github.com/rust-lang/crates.io-index"
checksum = "da25490ff9892aab3fcf7c36f08cfb902dd3e71ca0f9f9517bea02a73a5ce38c"
dependencies = [
 "proc-macro-error-attr",
 "proc-macro2",
 "quote",
 "syn 1.0.109",
 "version_check",
]

[[package]]
name = "proc-macro-error-attr"
version = "1.0.4"
source = "registry+https://github.com/rust-lang/crates.io-index"
checksum = "a1be40180e52ecc98ad80b184934baf3d0d29f979574e439af5a55274b35f869"
dependencies = [
 "proc-macro2",
 "quote",
 "version_check",
]

[[package]]
name = "proc-macro2"
version = "1.0.107"
source = "registry+https://github.com/rust-lang/crates.io-index"
checksum = "985e7ec9bb745e6ce6535b544d84d6cd6f7ad8bd711c398938ae983b91a766d9"
dependencies = [
 "unicode-ident",
]

[[package]]
name = "process-fun"
version = "0.1.2"
source = "registry+https://github.com/rust-lang/crates.io-index"
checksum = "5e57a64907a87ed69acaa7dbd38a65d410e5df2cd27de86e72c748e8ed2b9e98"
dependencies = [
 "interprocess",
 "log",
 "nix 0.29.0",
 "process-fun-core",
 "process-fun-macro",
 "quote",
 "serde",
 "syn 2.0.119",
 "thiserror",
]

[[package]]
name = "process-fun-core"
version = "0.1.2"
dependencies = [
 "bincode",
 "interprocess",
 "nix 0.29.0",
 "serde",
 "syn 2.0.119",
 "thiserror",
]

[[package]]
name = "process-fun-macro"
version = "0.1.2"
source = "registry+https://github.com/rust-lang/crates.io-index"
checksum = "0ee62324023a0257b1a4a3a2135229b86e0bd64b223cbeecd0ac092a1f5aaf87"
dependencies = [
 "prettyplease",
 "proc-macro-error",
 "proc-macro2",
 "process-fun-core",
 "quote",
 "serde",
 "syn 2.0.119",
]

[[package]]
name = "procspawn"
version = "1.0.1"
dependencies = [
 "backtrace",
 "findshlibs",
 "ipc-channel",
 "libc",
 "serde",
 "serde_json",
 "small_ctor",
 "windows-sys 0.48.0",
]

[[package]]
name = "quote"
version = "1.0.47"
source = "registry+https://github.com/rust-lang/crates.io-index"
checksum = "1fbf4db142a473a8d80c26bbf18454ed458bf8d26c8219c331daecfdbd079001"
dependencies = [
 "proc-macro2",
]

[[package]]
name = "r-efi"
version = "5.3.0"
source = "registry+https://github.com/rust-lang/crates.io-index"
checksum = "69cdb34c158ceb288df11e18b4bd39de994f6657d83847bdffdbd7f346754b0f"

[[package]]
name = "rand"
version = "0.8.8"
source = "registry+https://github.com/rust-lang/crates.io-index"
checksum = "e058c7de0b26af77780c769414d6257830bb240f3c38477dbc2c16e5f54d6d4c"
dependencies = [
 "libc",
 "rand_chacha",
 "rand_core",
]

[[package]]
name = "rand_chacha"
version = "0.3.1"
source = "registry+https://github.com/rust-lang/crates.io-index"
checksum = "e6c10a63a0fa32252be49d21e7709d4d4baf8d231c2dbce1eaa8141b9b127d88"
dependencies = [
 "ppv-lite86",
 "rand_core",
]

[[package]]
name = "rand_core"
version = "0.6.4"
source = "registry+https://github.com/rust-lang/crates.io-index"
checksum = "ec0be4795e2f6a28069bec0b5ff3e2ac9bafc99e6a9a7dc3547996c5c816922c"
dependencies = [
 "getrandom 0.2.17",
]

[[package]]
name = "recvmsg"
version = "1.0.0"
source = "registry+https://github.com/rust-lang/crates.io-index"
checksum = "d3edd4d5d42c92f0a659926464d4cce56b562761267ecf0f469d85b7de384175"

[[package]]
name = "regex"
version = "1.13.1"
source = "registry+https://github.com/rust-lang/crates.io-index"
checksum = "f020237b6c8eed93db2e2cb53c00c60a8e1bc73da7d073199a1180401450218d"
dependencies = [
 "aho-corasick",
 "memchr",
 "regex-automata",
 "regex-syntax",
]

[[package]]
name = "regex-automata"
version = "0.4.18"
source = "registry+https://github.com/rust-lang/crates.io-index"
checksum = "ad8553b9b26413251cbf30e620595c7a41b3887f03da04579c0e6b0d6a06b4b2"
dependencies = [
 "aho-corasick",
 "memchr",
 "regex-syntax",
]

[[package]]
name = "regex-syntax"
version = "0.8.11"
source = "registry+https://github.com/rust-lang/crates.io-index"
checksum = "d6f6ff9a378485b298a5286656da665ba74413d36db0979633275d2e708145d4"

[[package]]
name = "rustc-demangle"
version = "0.1.28"
source = "registry+https://github.com/rust-lang/crates.io-index"
checksum = "b74b56ffa8bb2830709a538c2cbcae9aa062db0d2a42563bfb09bdaae44020eb"

[[package]]
name = "rustix"
version = "1.1.5"
source = "registry+https://github.com/rust-lang/crates.io-index"
checksum = "891efababe418670775f199f0d233d84843c227a0949a883ce15b37c78d6629d"
dependencies = [
 "bitflags",
 "errno",
 "libc",
 "linux-raw-sys",
 "windows-sys 0.61.2",
]

[[package]]
name = "rustversion"
version = "1.0.23"
source = "registry+https://github.com/rust-lang/crates.io-index"
checksum = "cf54715a573b99ac80df0bc206da022bcd442c974952c7b9720069370852e21f"

[[package]]
name = "serde"
version = "1.0.229"
source = "registry+https://github.com/rust-lang/crates.io-index"
checksum = "4148590afebada386688f18773da617792bf2ef03ffc1e4cbd2b1d45b023e0ba"
dependencies = [
 "serde_core",
 "serde_derive",
]

[[package]]
name = "serde_core"
version = "1.0.229"
source = "registry+https://github.com/rust-lang/crates.io-index"
checksum = "67dca2c9c51e58a4791a4b1ed58308b39c64224d349a935ab5039aa360942a48"
dependencies = [
 "serde_derive",
]

[[package]]
name = "serde_derive"
version = "1.0.229"
source = "registry+https://github.com/rust-lang/crates.io-index"
checksum = "e7a5d71263a5a7d47b41f6b3f06ba276f10cc18b0931f1799f710578e2309348"
dependencies = [
 "proc-macro2",
 "quote",
 "syn 3.0.6",
]

[[package]]
name = "serde_json"
version = "1.0.151"
source = "registry+https://github.com/rust-lang/crates.io-index"
checksum = "c841b55ecdae098c80dcae9cf767f6f8a0c2cdb3416bbef72181df4d0fe73f14"
dependencies = [
 "indexmap",
 "itoa",
 "memchr",
 "serde",
 "serde_core",
 "zmij",
]

[[package]]
name = "shlex"
version = "2.0.1"
source = "registry+https://github.com/rust-lang/crates.io-index"
checksum = "f8fadd59c855ef2080decdef8ff161eb6661b86933c9d82e5ba29dc602a55aba"

[[package]]
name = "slab"
version = "0.4.12"
source = "registry+https://github.com/rust-lang/crates.io-index"
checksum = "0c790de23124f9ab44544d7ac05d60440adc586479ce501c1d6d7da3cd8c9cf5"

[[package]]
name = "small_ctor"
version = "0.1.2"
source = "registry+https://github.com/rust-lang/crates.io-index"
checksum = "88414a5ca1f85d82cc34471e975f0f74f6aa54c40f062efa42c0080e7f763f81"

[[package]]
name = "strsim"
version = "0.11.1"
source = "registry+https://github.com/rust-lang/crates.io-index"
checksum = "7da8b5736845d9f2fcb837ea5d9e2628564b3b043a70948a3f0b778838c5fb4f"

[[package]]
name = "syn"
version = "1.0.109"
source = "registry+https://github.com/rust-lang/crates.io-index"
checksum = "72b64191b275b66ffe2469e8af2c1cfe3bafa67b529ead792a6d0160888b4237"
dependencies = [
 "proc-macro2",
 "unicode-ident",
]

[[package]]
name = "syn"
version = "2.0.119"
source = "registry+https://github.com/rust-lang/crates.io-index"
checksum = "872831b642d1a07999a962a351ed35b955ea2cfc8f3862091e2a240a84f17297"
dependencies = [
 "proc-macro2",
 "quote",
 "unicode-ident",
]

[[package]]
name = "syn"
version = "3.0.6"
source = "registry+https://github.com/rust-lang/crates.io-index"
checksum = "8593e8e72159ed2257d083c7a454a85cbf854f37a0966d8d483aff8c8a3ebcee"
dependencies = [
 "proc-macro2",
 "quote",
 "unicode-ident",
]

[[package]]
name = "tempfile"
version = "3.27.0"
source = "registry+https://github.com/rust-lang/crates.io-index"
checksum = "32497e9a4c7b38532efcdebeef879707aa9f794296a4f0244f6f69e9bc8574bd"
dependencies = [
 "fastrand",
 "getrandom 0.3.4",
 "once_cell",
 "rustix",
 "windows-sys 0.61.2",
]

[[package]]
name = "thiserror"
version = "2.0.20"
source = "registry+https://github.com/rust-lang/crates.io-index"
checksum = "ec86235f5fcc2a73650310756d2ac5b138a5780bbbdfae3eeccec992c435ba4f"
dependencies = [
 "thiserror-impl",
]

[[package]]
name = "thiserror-impl"
version = "2.0.20"
source = "registry+https://github.com/rust-lang/crates.io-index"
checksum = "bc04cd3e1236dd4a98afca4569f2deb3f120e5422a4023be2cb683f8486292af"
dependencies = [
 "proc-macro2",
 "quote",
 "syn 3.0.6",
]

[[package]]
name = "unicode-ident"
version = "1.0.26"
source = "registry+https://github.com/rust-lang/crates.io-index"
checksum = "d245f478577f809a851594d02313b640fb437e0bb33866753cff937863096954"

[[package]]
name = "utf8parse"
version = "0.2.2"
source = "registry+https://github.com/rust-lang/crates.io-index"
checksum = "06abde3611657adf66d383f00b093d7faecc7fa57071cce2578660c9f1010821"

[[package]]
name = "uuid"
version = "1.20.0"
source = "registry+https://github.com/rust-lang/crates.io-index"
checksum = "ee48d38b119b0cd71fe4141b30f5ba9c7c5d9f4e7a3a8b4a674e4b6ef789976f"
dependencies = [
 "getrandom 0.3.4",
 "js-sys",
 "wasm-bindgen",
]

[[package]]
name = "version_check"
version = "0.9.5"
source = "registry+https://github.com/rust-lang/crates.io-index"
checksum = "0b928f33d975fc6ad9f86c8f283853ad26bdd5b10b7f1542aa2fa15e2289105a"

[[package]]
name = "wait-timeout"
version = "0.2.1"
source = "registry+https://github.com/rust-lang/crates.io-index"
checksum = "09ac3b126d3914f9849036f826e054cbabdc8519970b8998ddaf3b5bd3c65f11"
dependencies = [
 "libc",
]

[[package]]
name = "wasi"
version = "0.11.1+wasi-snapshot-preview1"
source = "registry+https://github.com/rust-lang/crates.io-index"
checksum = "ccf3ec651a847eb01de73ccad15eb7d99f80485de043efb2f370cd654f4ea44b"

[[package]]
name = "wasip2"
version = "1.0.4+wasi-0.2.12"
source = "registry+https://github.com/rust-lang/crates.io-index"
checksum = "b67efb37e106e55ce722a510d6b5f9c17f083e5fc79afc2badeb12cc313d9487"
dependencies = [
 "wit-bindgen",
]

[[package]]
name = "wasm-bindgen"
version = "0.2.128"
source = "registry+https://github.com/rust-lang/crates.io-index"
checksum = "aecb87a33d3b0c5e3b7aa46336eaf486cffafbd281b195e4c8b80d50df2351bf"
dependencies = [
 "cfg-if",
 "once_cell",
 "rustversion",
 "wasm-bindgen-macro",
 "wasm-bindgen-shared",
]

[[package]]
name = "wasm-bindgen-macro"
version = "0.2.128"
source = "registry+https://github.com/rust-lang/crates.io-index"
checksum = "a690d511e3c1a8b3a55e33511e3c2c00c78415cd23650f32b808627f5696b9ed"
dependencies = [
 "quote",
 "wasm-bindgen-macro-support",
]

[[package]]
name = "wasm-bindgen-macro-support"
version = "0.2.128"
source = "registry+https://github.com/rust-lang/crates.io-index"
checksum = "411e4887f0071ef2d2164a9d5fdf2d20efbef78fccd3a78b0c10a1dc5295e48a"
dependencies = [
 "bumpalo",
 "proc-macro2",
 "quote",
 "syn 3.0.6",
 "wasm-bindgen-shared",
]

[[package]]
name = "wasm-bindgen-shared"
version = "0.2.128"
source = "registry+https://github.com/rust-lang/crates.io-index"
checksum = "81941cd78d0c92026c33e5e01312845a4cb1e9af3407f9134b100dd03144103e"
dependencies = [
 "unicode-ident",
]

[[package]]
name = "widestring"
version = "1.2.1"
source = "registry+https://github.com/rust-lang/crates.io-index"
checksum = "72069c3113ab32ab29e5584db3c6ec55d416895e60715417b5b883a357c3e471"

[[package]]
name = "winapi"
version = "0.3.9"
source = "registry+https://github.com/rust-lang/crates.io-index"
checksum = "5c839a674fcd7a98952e593242ea400abe93992746761e38641405d28b00f419"
dependencies = [
 "winapi-i686-pc-windows-gnu",
 "winapi-x86_64-pc-windows-gnu",
]

[[package]]
name = "winapi-i686-pc-windows-gnu"
version = "0.4.0"
source = "registry+https://github.com/rust-lang/crates.io-index"
checksum = "ac3b87c63620426dd9b991e5ce0329eff545bccbbb34f3be09ff6fb6ab51b7b6"

[[package]]
name = "winapi-x86_64-pc-windows-gnu"
version = "0.4.0"
source = "registry+https://github.com/rust-lang/crates.io-index"
checksum = "712e227841d057c1ee1cd2fb22fa7e5a5461ae8e48fa2ca79ec42cfc1931183f"

[[package]]
name = "windows"
version = "0.58.0"
source = "registry+https://github.com/rust-lang/crates.io-index"
checksum = "dd04d41d93c4992d421894c18c8b43496aa748dd4c081bac0dc93eb0489272b6"
dependencies = [
 "windows-core",
 "windows-targets 0.52.6",
]

[[package]]
name = "windows-core"
version = "0.58.0"
source = "registry+https://github.com/rust-lang/crates.io-index"
checksum = "6ba6d44ec8c2591c134257ce647b7ea6b20335bf6379a27dac5f1641fcf59f99"
dependencies = [
 "windows-implement",
 "windows-interface",
 "windows-result",
 "windows-strings",
 "windows-targets 0.52.6",
]

[[package]]
name = "windows-implement"
version = "0.58.0"
source = "registry+https://github.com/rust-lang/crates.io-index"
checksum = "2bbd5b46c938e506ecbce286b6628a02171d56153ba733b6c741fc627ec9579b"
dependencies = [
 "proc-macro2",
 "quote",
 "syn 2.0.119",
]

[[package]]
name = "windows-interface"
version = "0.58.0"
source = "registry+https://github.com/rust-lang/crates.io-index"
checksum = "053c4c462dc91d3b1504c6fe5a726dd15e216ba718e84a0e46a88fbe5ded3515"
dependencies = [
 "proc-macro2",
 "quote",
 "syn 2.0.119",
]

[[package]]
name = "windows-link"
version = "0.2.1"
source = "registry+https://github.com/rust-lang/crates.io-index"
checksum = "f0805222e57f7521d6a62e36fa9163bc891acd422f971defe97d64e70d0a4fe5"

[[package]]
name = "windows-result"
version = "0.2.0"
source = "registry+https://github.com/rust-lang/crates.io-index"
checksum = "1d1043d8214f791817bab27572aaa8af63732e11bf84aa21a45a78d6c317ae0e"
dependencies = [
 "windows-targets 0.52.6",
]

[[package]]
name = "windows-strings"
version = "0.1.0"
source = "registry+https://github.com/rust-lang/crates.io-index"
checksum = "4cd9b125c486025df0eabcb585e62173c6c9eddcec5d117d3b6e8c30e2ee4d10"
dependencies = [
 "windows-result",
 "windows-targets 0.52.6",
]

[[package]]
name = "windows-sys"
version = "0.48.0"
source = "registry+https://github.com/rust-lang/crates.io-index"
checksum = "677d2418bec65e3338edb076e806bc1ec15693c5d0104683f2efe857f61056a9"
dependencies = [
 "windows-targets 0.48.5",
]

[[package]]
name = "windows-sys"
version = "0.61.2"
source = "registry+https://github.com/rust-lang/crates.io-index"
checksum = "ae137229bcbd6cdf0f7b80a31df61766145077ddf49416a728b02cb3921ff3fc"
dependencies = [
 "windows-link",
]

[[package]]
name = "windows-targets"
version = "0.48.5"
source = "registry+https://github.com/rust-lang/crates.io-index"
checksum = "9a2fa6e2155d7247be68c096456083145c183cbbbc2764150dda45a87197940c"
dependencies = [
 "windows_aarch64_gnullvm 0.48.5",
 "windows_aarch64_msvc 0.48.5",
 "windows_i686_gnu 0.48.5",
 "windows_i686_msvc 0.48.5",
 "windows_x86_64_gnu 0.48.5",
 "windows_x86_64_gnullvm 0.48.5",
 "windows_x86_64_msvc 0.48.5",
]

[[package]]
name = "windows-targets"
version = "0.52.6"
source = "registry+https://github.com/rust-lang/crates.io-index"
checksum = "9b724f72796e036ab90c1021d4780d4d3d648aca59e491e6b98e725b84e99973"
dependencies = [
 "windows_aarch64_gnullvm 0.52.6",
 "windows_aarch64_msvc 0.52.6",
 "windows_i686_gnu 0.52.6",
 "windows_i686_gnullvm",
 "windows_i686_msvc 0.52.6",
 "windows_x86_64_gnu 0.52.6",
 "windows_x86_64_gnullvm 0.52.6",
 "windows_x86_64_msvc 0.52.6",
]

[[package]]
name = "windows_aarch64_gnullvm"
version = "0.48.5"
source = "registry+https://github.com/rust-lang/crates.io-index"
checksum = "2b38e32f0abccf9987a4e3079dfb67dcd799fb61361e53e2882c3cbaf0d905d8"

[[package]]
name = "windows_aarch64_gnullvm"
version = "0.52.6"
source = "registry+https://github.com/rust-lang/crates.io-index"
checksum = "32a4622180e7a0ec044bb555404c800bc9fd9ec262ec147edd5989ccd0c02cd3"

[[package]]
name = "windows_aarch64_msvc"
version = "0.48.5"
source = "registry+https://github.com/rust-lang/crates.io-index"
checksum = "dc35310971f3b2dbbf3f0690a219f40e2d9afcf64f9ab7cc1be722937c26b4bc"

[[package]]
name = "windows_aarch64_msvc"
version = "0.52.6"
source = "registry+https://github.com/rust-lang/crates.io-index"
checksum = "09ec2a7bb152e2252b53fa7803150007879548bc709c039df7627cabbd05d469"

[[package]]
name = "windows_i686_gnu"
version = "0.48.5"
source = "registry+https://github.com/rust-lang/crates.io-index"
checksum = "a75915e7def60c94dcef72200b9a8e58e5091744960da64ec734a6c6e9b3743e"

[[package]]
name = "windows_i686_gnu"
version = "0.52.6"
source = "registry+https://github.com/rust-lang/crates.io-index"
checksum = "8e9b5ad5ab802e97eb8e295ac6720e509ee4c243f69d781394014ebfe8bbfa0b"

[[package]]
name = "windows_i686_gnullvm"
version = "0.52.6"
source = "registry+https://github.com/rust-lang/crates.io-index"
checksum = "0eee52d38c090b3caa76c563b86c3a4bd71ef1a819287c19d586d7334ae8ed66"

[[package]]
name = "windows_i686_msvc"
version = "0.48.5"
source = "registry+https://github.com/rust-lang/crates.io-index"
checksum = "8f55c233f70c4b27f66c523580f78f1004e8b5a8b659e05a4eb49d4166cca406"

[[package]]
name = "windows_i686_msvc"
version = "0.52.6"
source = "registry+https://github.com/rust-lang/crates.io-index"
checksum = "240948bc05c5e7c6dabba28bf89d89ffce3e303022809e73deaefe4f6ec56c66"

[[package]]
name = "windows_x86_64_gnu"
version = "0.48.5"
source = "registry+https://github.com/rust-lang/crates.io-index"
checksum = "53d40abd2583d23e4718fddf1ebec84dbff8381c07cae67ff7768bbf19c6718e"

[[package]]
name = "windows_x86_64_gnu"
version = "0.52.6"
source = "registry+https://github.com/rust-lang/crates.io-index"
checksum = "147a5c80aabfbf0c7d901cb5895d1de30ef2907eb21fbbab29ca94c5b08b1a78"

[[package]]
name = "windows_x86_64_gnullvm"
version = "0.48.5"
source = "registry+https://github.com/rust-lang/crates.io-index"
checksum = "0b7b52767868a23d5bab768e390dc5f5c55825b6d30b86c844ff2dc7414044cc"

[[package]]
name = "windows_x86_64_gnullvm"
version = "0.52.6"
source = "registry+https://github.com/rust-lang/crates.io-index"
checksum = "24d5b23dc417412679681396f2b49f3de8c1473deb516bd34410872eff51ed0d"

[[package]]
name = "windows_x86_64_msvc"
version = "0.48.5"
source = "registry+https://github.com/rust-lang/crates.io-index"
checksum = "ed94fce61571a4006852b7389a063ab983c02eb1bb37b47f8272ce92d06d9538"

[[package]]
name = "windows_x86_64_msvc"
version = "0.52.6"
source = "registry+https://github.com/rust-lang/crates.io-index"
checksum = "589f6da84c646204747d1270a2a5661ea66ed1cced2631d546fdfb155959f9ec"

[[package]]
name = "wit-bindgen"
version = "0.57.1"
source = "registry+https://github.com/rust-lang/crates.io-index"
checksum = "1ebf944e87a7c253233ad6766e082e3cd714b5d03812acc24c318f549614536e"

[[package]]
name = "zerocopy"
version = "0.8.57"
source = "registry+https://github.com/rust-lang/crates.io-index"
checksum = "d35102a9f36d089ccae9e4c6802bc118be4487b80aaffc0ab4e0cf5ce92d2873"
dependencies = [
 "zerocopy-derive",
]

[[package]]
name = "zerocopy-derive"
version = "0.8.57"
source = "registry+https://github.com/rust-lang/crates.io-index"
checksum = "146c01f5ab44258da43cf276c74a2763db2ff3969c9c652c3f2de07041d0b2bc"
dependencies = [
 "proc-macro2",
 "quote",
 "syn 2.0.119",
]

[[package]]
name = "zmij"
version = "1.0.23"
source = "registry+https://github.com/rust-lang/crates.io-index"
checksum = "29666d0abbfad1e3dc4dcf6144730dd3a3ab225bbbdac83319345b1b44ccfc1b"
